
Microsoft Visual Studio Solution File, Format Version 12.00
# Visual Studio Version 16
VisualStudioVersion = 16.0.31025.194
MinimumVisualStudioVersion = 10.0.40219.1
Project("{9A19103F-16F7-4668-BE54-9A1E7A4F7556}") = "ImageProcessing", "Aufgabe1\ImageProcessing.csproj", "{1F68857A-A00C-4E03-9CF5-7CF5754BAE9B}"
EndProject
Project("{9A19103F-16F7-4668-BE54-9A1E7A4F7556}") = "MeanFilterTest", "..\..\..\c_sharp\MeanFilterTest\MeanFilterTest\MeanFilterTest\MeanFilterTest.csproj", "{11D4AF8C-D449-4A0C-9F3B-AD9A60F855C6}"
EndProject
Global
	GlobalSection(SolutionConfigurationPlatforms) = preSolution
		Debug|Any CPU = Debug|Any CPU
		Release|Any CPU = Release|Any CPU
	EndGlobalSection
	GlobalSection(ProjectConfigurationPlatforms) = postSolution
		{1F68857A-A00C-4E03-9CF5-7CF5754BAE9B}.Debug|Any CPU.ActiveCfg = Debug|Any CPU
		{1F68857A-A00C-4E03-9CF5-7CF5754BAE9B}.Debug|Any CPU.Build.0 = Debug|Any CPU
		{1F68857A-A00C-4E03-9CF5-7CF5754BAE9B}.Release|Any CPU.ActiveCfg = Release|Any CPU
		{1F68857A-A00C-4E03-9CF5-7CF5754BAE9B}.Release|Any CPU.Build.0 = Release|Any CPU
		{11D4AF8C-D449-4A0C-9F3B-AD9A60F855C6}.Debug|Any CPU.ActiveCfg = Debug|Any CPU
		{11D4AF8C-D449-4A0C-9F3B-AD9A60F855C6}.Debug|Any CPU.Build.0 = Debug|Any CPU
		{11D4AF8C-D449-4A0C-9F3B-AD9A60F855C6}.Release|Any CPU.ActiveCfg = Release|Any CPU
		{11D4AF8C-D449-4A0C-9F3B-AD9A60F855C6}.Release|Any CPU.Build.0 = Release|Any CPU
	EndGlobalSection
	GlobalSection(SolutionProperties) = preSolution
		HideSolutionNode = FALSE
	EndGlobalSection
	GlobalSection(ExtensibilityGlobals) = postSolution
		SolutionGuid = {803725DB-3A1F-48E2-86F5-30340A1296E3}
	EndGlobalSection
EndGlobal
